
Microsoft Visual Studio Solution File, Format Version 12.00
# Visual Studio 15
VisualStudioVersion = 15.0.26730.16
MinimumVisualStudioVersion = 10.0.40219.1
Project("{9A19103F-16F7-4668-BE54-9A1E7A4F7556}") = "Asm.AmCom.Web", "src\Asm.AmCom.Web\Asm.AmCom.Web.csproj", "{68593E37-F08C-4BF0-A535-F1851CA257F9}"
EndProject
Project("{9A19103F-16F7-4668-BE54-9A1E7A4F7556}") = "Asm.AmCom", "src\Asm.AmCom\Asm.AmCom.csproj", "{34D3ACD2-8273-4A47-8EB1-57F62944D3C9}"
EndProject
Global
	GlobalSection(SolutionConfigurationPlatforms) = preSolution
		Debug|Any CPU = Debug|Any CPU
		Release|Any CPU = Release|Any CPU
	EndGlobalSection
	GlobalSection(ProjectConfigurationPlatforms) = postSolution
		{68593E37-F08C-4BF0-A535-F1851CA257F9}.Debug|Any CPU.ActiveCfg = Debug|Any CPU
		{68593E37-F08C-4BF0-A535-F1851CA257F9}.Debug|Any CPU.Build.0 = Debug|Any CPU
		{68593E37-F08C-4BF0-A535-F1851CA257F9}.Release|Any CPU.ActiveCfg = Release|Any CPU
		{68593E37-F08C-4BF0-A535-F1851CA257F9}.Release|Any CPU.Build.0 = Release|Any CPU
		{34D3ACD2-8273-4A47-8EB1-57F62944D3C9}.Debug|Any CPU.ActiveCfg = Debug|Any CPU
		{34D3ACD2-8273-4A47-8EB1-57F62944D3C9}.Debug|Any CPU.Build.0 = Debug|Any CPU
		{34D3ACD2-8273-4A47-8EB1-57F62944D3C9}.Release|Any CPU.ActiveCfg = Release|Any CPU
		{34D3ACD2-8273-4A47-8EB1-57F62944D3C9}.Release|Any CPU.Build.0 = Release|Any CPU
	EndGlobalSection
	GlobalSection(SolutionProperties) = preSolution
		HideSolutionNode = FALSE
	EndGlobalSection
	GlobalSection(ExtensibilityGlobals) = postSolution
		SolutionGuid = {412F35BE-1E99-4999-B278-E61803FDAF02}
	EndGlobalSection
	GlobalSection(TeamFoundationVersionControl) = preSolution
		SccNumberOfProjects = 3
		SccEnterpriseProvider = {4CA58AB2-18FA-4F8D-95D4-32DDF27D184C}
		SccTeamFoundationServer = https://andrewmclachlan.visualstudio.com/
		SccLocalPath0 = .
		SccProjectUniqueName1 = src\\Asm.AmCom.Web\\Asm.AmCom.Web.csproj
		SccProjectName1 = src/Asm.AmCom.Web
		SccLocalPath1 = src\\Asm.AmCom.Web
		SccProjectUniqueName2 = src\\Asm.AmCom\\Asm.AmCom.csproj
		SccProjectName2 = src/Asm.AmCom
		SccLocalPath2 = src\\Asm.AmCom
	EndGlobalSection
EndGlobal
