
Microsoft Visual Studio Solution File, Format Version 12.00
# Visual Studio Version 16
VisualStudioVersion = 16.0.28714.193
MinimumVisualStudioVersion = 10.0.40219.1
Project("{9A19103F-16F7-4668-BE54-9A1E7A4F7556}") = "Asm.AmCom.Web", "src\Asm.AmCom.Web\Asm.AmCom.Web.csproj", "{68593E37-F08C-4BF0-A535-F1851CA257F9}"
EndProject
Project("{9A19103F-16F7-4668-BE54-9A1E7A4F7556}") = "Asm.AmCom", "src\Asm.AmCom\Asm.AmCom.csproj", "{34D3ACD2-8273-4A47-8EB1-57F62944D3C9}"
EndProject
Project("{2150E333-8FDC-42A3-9474-1A3956D46DE8}") = "Solution Items", "Solution Items", "{23323CFA-58FD-4DE6-8D19-AEFC349F3AE6}"
	ProjectSection(SolutionItems) = preProject
		.editorconfig = .editorconfig
		.gitattributes = .gitattributes
		.gitignore = .gitignore
	EndProjectSection
EndProject
Global
	GlobalSection(SolutionConfigurationPlatforms) = preSolution
		Debug|Any CPU = Debug|Any CPU
		Release|Any CPU = Release|Any CPU
	EndGlobalSection
	GlobalSection(ProjectConfigurationPlatforms) = postSolution
		{68593E37-F08C-4BF0-A535-F1851CA257F9}.Debug|Any CPU.ActiveCfg = Debug|Any CPU
		{68593E37-F08C-4BF0-A535-F1851CA257F9}.Debug|Any CPU.Build.0 = Debug|Any CPU
		{68593E37-F08C-4BF0-A535-F1851CA257F9}.Release|Any CPU.ActiveCfg = Release|Any CPU
		{68593E37-F08C-4BF0-A535-F1851CA257F9}.Release|Any CPU.Build.0 = Release|Any CPU
		{34D3ACD2-8273-4A47-8EB1-57F62944D3C9}.Debug|Any CPU.ActiveCfg = Debug|Any CPU
		{34D3ACD2-8273-4A47-8EB1-57F62944D3C9}.Debug|Any CPU.Build.0 = Debug|Any CPU
		{34D3ACD2-8273-4A47-8EB1-57F62944D3C9}.Release|Any CPU.ActiveCfg = Release|Any CPU
		{34D3ACD2-8273-4A47-8EB1-57F62944D3C9}.Release|Any CPU.Build.0 = Release|Any CPU
	EndGlobalSection
	GlobalSection(SolutionProperties) = preSolution
		HideSolutionNode = FALSE
	EndGlobalSection
	GlobalSection(ExtensibilityGlobals) = postSolution
		SolutionGuid = {412F35BE-1E99-4999-B278-E61803FDAF02}
	EndGlobalSection
EndGlobal
